<?xml version="1.0" encoding="UTF-8" standalone="yes" ?>
<CodeBlocks_project_file>
	<FileVersion major="1" minor="6" />
	<Project>
		<Option title="TPI_VersionFinal1" />
		<Option pch_mode="2" />
		<Option compiler="gcc" />
		<Option virtualFolders="Menus/;Archivos/;Menus/Menu_cpp/;Menus/Menu_h/;Archivos/Archivos_cpp/;Archivos/Archivos_h/;Servicios/;Servicios/Servicios_cpp/;Servicios/Servicios_h/" />
		<Build>
			<Target title="Debug">
				<Option output="bin/Debug/TPI_VersionFinal1" prefix_auto="1" extension_auto="1" />
				<Option object_output="obj/Debug/" />
				<Option type="1" />
				<Option compiler="gcc" />
				<Compiler>
					<Add option="-g" />
					<Add directory="include" />
				</Compiler>
			</Target>
			<Target title="Release">
				<Option output="bin/Release/TPI_VersionFinal1" prefix_auto="1" extension_auto="1" />
				<Option object_output="obj/Release/" />
				<Option type="1" />
				<Option compiler="gcc" />
				<Compiler>
					<Add option="-O2" />
					<Add directory="include" />
				</Compiler>
				<Linker>
					<Add option="-s" />
				</Linker>
			</Target>
		</Build>
		<Compiler>
			<Add option="-Wall" />
			<Add option="-fexceptions" />
		</Compiler>
		<Unit filename="include/Actividad.h" />
		<Unit filename="include/DetalleRutina.h" />
		<Unit filename="include/Ejercicio.h" />
		<Unit filename="include/Empleado.h" />
		<Unit filename="include/Fecha.h" />
		<Unit filename="include/GestionArchivoAsistencias.h">
			<Option virtualFolder="Archivos/Archivos_h/" />
		</Unit>
		<Unit filename="include/GestionArchivoDetalleRutinas.h">
			<Option virtualFolder="Archivos/Archivos_h/" />
		</Unit>
		<Unit filename="include/GestionArchivoEjercicios.h">
			<Option virtualFolder="Archivos/Archivos_h/" />
		</Unit>
		<Unit filename="include/GestionArchivoEmpleados.h">
			<Option virtualFolder="Archivos/Archivos_h/" />
		</Unit>
		<Unit filename="include/GestionArchivoPagos.h">
			<Option virtualFolder="Archivos/Archivos_h/" />
		</Unit>
		<Unit filename="include/GestionArchivoReclamos.h">
			<Option virtualFolder="Archivos/Archivos_h/" />
		</Unit>
		<Unit filename="include/GestionArchivoRutinas.h">
			<Option virtualFolder="Archivos/Archivos_h/" />
		</Unit>
		<Unit filename="include/GestionArchivoSocios.h">
			<Option virtualFolder="Archivos/Archivos_h/" />
		</Unit>
		<Unit filename="include/MenuEntrenador.h">
			<Option virtualFolder="Menus/Menu_h/" />
		</Unit>
		<Unit filename="include/MenuGerente.h">
			<Option virtualFolder="Menus/Menu_h/" />
		</Unit>
		<Unit filename="include/MenuPrincipal.h">
			<Option virtualFolder="Menus/Menu_h/" />
		</Unit>
		<Unit filename="include/MenuSocio.h">
			<Option virtualFolder="Menus/Menu_h/" />
		</Unit>
		<Unit filename="include/Reclamo.h" />
		<Unit filename="include/RegistroAsistencia.h" />
		<Unit filename="include/RegistroPago.h" />
		<Unit filename="include/Rutina.h" />
		<Unit filename="include/ServicioAsistencia.h">
			<Option virtualFolder="Servicios/Servicios_h/" />
		</Unit>
		<Unit filename="include/ServicioEjercicio.h">
			<Option virtualFolder="Servicios/Servicios_h/" />
		</Unit>
		<Unit filename="include/ServicioEmpleado.h">
			<Option virtualFolder="Servicios/Servicios_h/" />
		</Unit>
		<Unit filename="include/ServicioPago.h">
			<Option virtualFolder="Servicios/Servicios_h/" />
		</Unit>
		<Unit filename="include/ServicioReclamo.h">
			<Option virtualFolder="Servicios/Servicios_h/" />
		</Unit>
		<Unit filename="include/ServicioRutina.h">
			<Option virtualFolder="Servicios/Servicios_h/" />
		</Unit>
		<Unit filename="include/ServicioSocio.h">
			<Option virtualFolder="Servicios/Servicios_h/" />
		</Unit>
		<Unit filename="include/Socio.h" />
		<Unit filename="include/Usuario.h" />
		<Unit filename="main.cpp" />
		<Unit filename="src/Actividad.cpp" />
		<Unit filename="src/DetalleRutina.cpp" />
		<Unit filename="src/Ejercicio.cpp" />
		<Unit filename="src/Empleado.cpp" />
		<Unit filename="src/Fecha.cpp" />
		<Unit filename="src/GestionArchivoAsistencias.cpp">
			<Option virtualFolder="Archivos/Archivos_cpp/" />
		</Unit>
		<Unit filename="src/GestionArchivoDetalleRutinas.cpp">
			<Option virtualFolder="Archivos/Archivos_cpp/" />
		</Unit>
		<Unit filename="src/GestionArchivoEjercicios.cpp">
			<Option virtualFolder="Archivos/Archivos_cpp/" />
		</Unit>
		<Unit filename="src/GestionArchivoEmpleados.cpp">
			<Option virtualFolder="Archivos/Archivos_cpp/" />
		</Unit>
		<Unit filename="src/GestionArchivoPagos.cpp">
			<Option virtualFolder="Archivos/Archivos_cpp/" />
		</Unit>
		<Unit filename="src/GestionArchivoReclamos.cpp">
			<Option virtualFolder="Archivos/Archivos_cpp/" />
		</Unit>
		<Unit filename="src/GestionArchivoRutinas.cpp">
			<Option virtualFolder="Archivos/Archivos_cpp/" />
		</Unit>
		<Unit filename="src/GestionArchivoSocios.cpp">
			<Option virtualFolder="Archivos/Archivos_cpp/" />
		</Unit>
		<Unit filename="src/MenuEntrenador.cpp">
			<Option virtualFolder="Menus/Menu_cpp/" />
		</Unit>
		<Unit filename="src/MenuGerente.cpp">
			<Option virtualFolder="Menus/Menu_cpp/" />
		</Unit>
		<Unit filename="src/MenuPrincipal.cpp">
			<Option virtualFolder="Menus/Menu_cpp/" />
		</Unit>
		<Unit filename="src/MenuSocio.cpp">
			<Option virtualFolder="Menus/Menu_cpp/" />
		</Unit>
		<Unit filename="src/Reclamo.cpp" />
		<Unit filename="src/RegistroAsistencia.cpp" />
		<Unit filename="src/RegistroPago.cpp" />
		<Unit filename="src/Rutina.cpp" />
		<Unit filename="src/ServicioAsistencia.cpp">
			<Option virtualFolder="Servicios/Servicios_cpp/" />
		</Unit>
		<Unit filename="src/ServicioEjercicio.cpp">
			<Option virtualFolder="Servicios/Servicios_cpp/" />
		</Unit>
		<Unit filename="src/ServicioEmpleado.cpp">
			<Option virtualFolder="Servicios/Servicios_cpp/" />
		</Unit>
		<Unit filename="src/ServicioPago.cpp">
			<Option virtualFolder="Servicios/Servicios_cpp/" />
		</Unit>
		<Unit filename="src/ServicioReclamo.cpp">
			<Option virtualFolder="Servicios/Servicios_cpp/" />
		</Unit>
		<Unit filename="src/ServicioRutina.cpp">
			<Option virtualFolder="Servicios/Servicios_cpp/" />
		</Unit>
		<Unit filename="src/ServicioSocio.cpp">
			<Option virtualFolder="Servicios/Servicios_cpp/" />
		</Unit>
		<Unit filename="src/Socio.cpp" />
		<Unit filename="src/Usuario.cpp" />
		<Extensions>
			<lib_finder disable_auto="1" />
		</Extensions>
	</Project>
</CodeBlocks_project_file>
